
Microsoft Visual Studio Solution File, Format Version 12.00
# Visual Studio 2012
Project("{FAE04EC0-301F-11D3-BF4B-00C04F79EFBC}") = "GoogleScopes", "GoogleScopes\GoogleScopes.csproj", "{0854C6A7-31FB-46D9-9BE1-874DA5F3EDEA}"
EndProject
Global
	GlobalSection(SolutionConfigurationPlatforms) = preSolution
		Debug|Any CPU = Debug|Any CPU
		Release|Any CPU = Release|Any CPU
	EndGlobalSection
	GlobalSection(ProjectConfigurationPlatforms) = postSolution
		{0854C6A7-31FB-46D9-9BE1-874DA5F3EDEA}.Debug|Any CPU.ActiveCfg = Debug|Any CPU
		{0854C6A7-31FB-46D9-9BE1-874DA5F3EDEA}.Debug|Any CPU.Build.0 = Debug|Any CPU
		{0854C6A7-31FB-46D9-9BE1-874DA5F3EDEA}.Release|Any CPU.ActiveCfg = Release|Any CPU
		{0854C6A7-31FB-46D9-9BE1-874DA5F3EDEA}.Release|Any CPU.Build.0 = Release|Any CPU
	EndGlobalSection
	GlobalSection(SolutionProperties) = preSolution
		HideSolutionNode = FALSE
	EndGlobalSection
EndGlobal
